
Microsoft Visual Studio Solution File, Format Version 11.00
# Visual Studio 2010
Project("{8BC9CEB8-8B4A-11D0-8D11-00A0C91BC942}") = "03_Hello_OpenGL_Blank", "03_Hello_OpenGL_Blank\03_Hello_OpenGL_Blank.vcxproj", "{281078E7-8DBD-4083-9C0B-6C16CE36D7D7}"
EndProject
Global
	GlobalSection(SolutionConfigurationPlatforms) = preSolution
		Debug|Win32 = Debug|Win32
		Release|Win32 = Release|Win32
	EndGlobalSection
	GlobalSection(ProjectConfigurationPlatforms) = postSolution
		{281078E7-8DBD-4083-9C0B-6C16CE36D7D7}.Debug|Win32.ActiveCfg = Debug|Win32
		{281078E7-8DBD-4083-9C0B-6C16CE36D7D7}.Debug|Win32.Build.0 = Debug|Win32
		{281078E7-8DBD-4083-9C0B-6C16CE36D7D7}.Release|Win32.ActiveCfg = Release|Win32
		{281078E7-8DBD-4083-9C0B-6C16CE36D7D7}.Release|Win32.Build.0 = Release|Win32
	EndGlobalSection
	GlobalSection(SolutionProperties) = preSolution
		HideSolutionNode = FALSE
	EndGlobalSection
EndGlobal
